// !$*UTF8*$!
{
	archiveVersion = 1;
	classes = {
	};
	objectVersion = 50;
	objects = {

/* Begin PBXBuildFile section */
		652AA29F2488402E00088178 /* DailyAblutionsHomeView.swift in Sources */ = {isa = PBXBuildFile; fileRef = 652AA29E2488402E00088178 /* DailyAblutionsHomeView.swift */; };
		7F42B6CE24452CF900D76434 /* AppDelegate.swift in Sources */ = {isa = PBXBuildFile; fileRef = 7F42B6CD24452CF900D76434 /* AppDelegate.swift */; };
		7F42B6D024452CF900D76434 /* SceneDelegate.swift in Sources */ = {isa = PBXBuildFile; fileRef = 7F42B6CF24452CF900D76434 /* SceneDelegate.swift */; };
		7F42B6D224452CF900D76434 /* CatchUpView.swift in Sources */ = {isa = PBXBuildFile; fileRef = 7F42B6D124452CF900D76434 /* CatchUpView.swift */; };
		7F42B6D424452CFB00D76434 /* Assets.xcassets in Resources */ = {isa = PBXBuildFile; fileRef = 7F42B6D324452CFB00D76434 /* Assets.xcassets */; };
		7F42B6D724452CFB00D76434 /* Preview Assets.xcassets in Resources */ = {isa = PBXBuildFile; fileRef = 7F42B6D624452CFB00D76434 /* Preview Assets.xcassets */; };
		7F42B6DA24452CFB00D76434 /* LaunchScreen.storyboard in Resources */ = {isa = PBXBuildFile; fileRef = 7F42B6D824452CFB00D76434 /* LaunchScreen.storyboard */; };
		7F42B6E524452CFB00D76434 /* MantraTests.swift in Sources */ = {isa = PBXBuildFile; fileRef = 7F42B6E424452CFB00D76434 /* MantraTests.swift */; };
		7F4F0AEE2481AE7B00D1C44B /* NotificationSampleData.swift in Sources */ = {isa = PBXBuildFile; fileRef = 7F4F0AED2481AE7B00D1C44B /* NotificationSampleData.swift */; };
		7F94A868248B08BF00DD0E75 /* Mantra.swift in Sources */ = {isa = PBXBuildFile; fileRef = 7F94A867248B08BF00DD0E75 /* Mantra.swift */; };
		7F94A86C248C8B8900DD0E75 /* TestUtilities.swift in Sources */ = {isa = PBXBuildFile; fileRef = 7F94A86B248C8B8900DD0E75 /* TestUtilities.swift */; };
		7F94A86E248D7F0400DD0E75 /* TestDataContainer.da in Resources */ = {isa = PBXBuildFile; fileRef = 7F94A86D248D7F0400DD0E75 /* TestDataContainer.da */; };
		7F94A875248E6DB200DD0E75 /* PageViewController.swift in Sources */ = {isa = PBXBuildFile; fileRef = 7F94A874248E6DB200DD0E75 /* PageViewController.swift */; };
		7FBA9E0C2495F12B009F335A /* DailyAblutionsView.swift in Sources */ = {isa = PBXBuildFile; fileRef = 7FBA9E0B2495F12B009F335A /* DailyAblutionsView.swift */; };
		7FC07D30250E9C010061C73F /* NotificationManager.swift in Sources */ = {isa = PBXBuildFile; fileRef = 7FC07D2F250E9C000061C73F /* NotificationManager.swift */; };
		7FC07D32250EA2470061C73F /* NotificationManagerTests.swift in Sources */ = {isa = PBXBuildFile; fileRef = 7FC07D31250EA2470061C73F /* NotificationManagerTests.swift */; };
		7FC07D3525113EB00061C73F /* DeterminationViewController.swift in Sources */ = {isa = PBXBuildFile; fileRef = 7FC07D3425113EB00061C73F /* DeterminationViewController.swift */; };
		7FDF10002481A247008C93DB /* ReminderListView.swift in Sources */ = {isa = PBXBuildFile; fileRef = 7FDF0FFF2481A247008C93DB /* ReminderListView.swift */; };
/* End PBXBuildFile section */

/* Begin PBXContainerItemProxy section */
		7F42B6E124452CFB00D76434 /* PBXContainerItemProxy */ = {
			isa = PBXContainerItemProxy;
			containerPortal = 7F42B6C224452CF900D76434 /* Project object */;
			proxyType = 1;
			remoteGlobalIDString = 7F42B6C924452CF900D76434;
			remoteInfo = DailyAblutions;
		};
/* End PBXContainerItemProxy section */

/* Begin PBXFileReference section */
		652AA29E2488402E00088178 /* DailyAblutionsHomeView.swift */ = {isa = PBXFileReference; lastKnownFileType = sourcecode.swift; path = DailyAblutionsHomeView.swift; sourceTree = "<group>"; };
		7F42B6CA24452CF900D76434 /* DailyAblutions.app */ = {isa = PBXFileReference; explicitFileType = wrapper.application; includeInIndex = 0; path = DailyAblutions.app; sourceTree = BUILT_PRODUCTS_DIR; };
		7F42B6CD24452CF900D76434 /* AppDelegate.swift */ = {isa = PBXFileReference; lastKnownFileType = sourcecode.swift; path = AppDelegate.swift; sourceTree = "<group>"; };
		7F42B6CF24452CF900D76434 /* SceneDelegate.swift */ = {isa = PBXFileReference; lastKnownFileType = sourcecode.swift; path = SceneDelegate.swift; sourceTree = "<group>"; };
		7F42B6D124452CF900D76434 /* CatchUpView.swift */ = {isa = PBXFileReference; lastKnownFileType = sourcecode.swift; path = CatchUpView.swift; sourceTree = "<group>"; };
		7F42B6D324452CFB00D76434 /* Assets.xcassets */ = {isa = PBXFileReference; lastKnownFileType = folder.assetcatalog; path = Assets.xcassets; sourceTree = "<group>"; };
		7F42B6D624452CFB00D76434 /* Preview Assets.xcassets */ = {isa = PBXFileReference; lastKnownFileType = folder.assetcatalog; path = "Preview Assets.xcassets"; sourceTree = "<group>"; };
		7F42B6D924452CFB00D76434 /* Base */ = {isa = PBXFileReference; lastKnownFileType = file.storyboard; name = Base; path = Base.lproj/LaunchScreen.storyboard; sourceTree = "<group>"; };
		7F42B6DB24452CFB00D76434 /* Info.plist */ = {isa = PBXFileReference; lastKnownFileType = text.plist.xml; path = Info.plist; sourceTree = "<group>"; };
		7F42B6E024452CFB00D76434 /* DailyAblutionsTests.xctest */ = {isa = PBXFileReference; explicitFileType = wrapper.cfbundle; includeInIndex = 0; path = DailyAblutionsTests.xctest; sourceTree = BUILT_PRODUCTS_DIR; };
		7F42B6E424452CFB00D76434 /* MantraTests.swift */ = {isa = PBXFileReference; lastKnownFileType = sourcecode.swift; path = MantraTests.swift; sourceTree = "<group>"; };
		7F42B6E624452CFB00D76434 /* Info.plist */ = {isa = PBXFileReference; lastKnownFileType = text.plist.xml; path = Info.plist; sourceTree = "<group>"; };
		7F4F0AED2481AE7B00D1C44B /* NotificationSampleData.swift */ = {isa = PBXFileReference; lastKnownFileType = sourcecode.swift; path = NotificationSampleData.swift; sourceTree = "<group>"; };
		7F94A867248B08BF00DD0E75 /* Mantra.swift */ = {isa = PBXFileReference; lastKnownFileType = sourcecode.swift; path = Mantra.swift; sourceTree = "<group>"; };
		7F94A86B248C8B8900DD0E75 /* TestUtilities.swift */ = {isa = PBXFileReference; lastKnownFileType = sourcecode.swift; path = TestUtilities.swift; sourceTree = "<group>"; };
		7F94A86D248D7F0400DD0E75 /* TestDataContainer.da */ = {isa = PBXFileReference; lastKnownFileType = text; path = TestDataContainer.da; sourceTree = "<group>"; };
		7F94A86F248DA59800DD0E75 /* DailyAblutions.entitlements */ = {isa = PBXFileReference; lastKnownFileType = text.plist.entitlements; path = DailyAblutions.entitlements; sourceTree = "<group>"; };
		7F94A871248DA59900DD0E75 /* AudioToolbox.framework */ = {isa = PBXFileReference; lastKnownFileType = wrapper.framework; name = AudioToolbox.framework; path = System/Library/Frameworks/AudioToolbox.framework; sourceTree = SDKROOT; };
		7F94A874248E6DB200DD0E75 /* PageViewController.swift */ = {isa = PBXFileReference; lastKnownFileType = sourcecode.swift; path = PageViewController.swift; sourceTree = "<group>"; };
		7FBA9E0B2495F12B009F335A /* DailyAblutionsView.swift */ = {isa = PBXFileReference; lastKnownFileType = sourcecode.swift; path = DailyAblutionsView.swift; sourceTree = "<group>"; };
		7FC07D2F250E9C000061C73F /* NotificationManager.swift */ = {isa = PBXFileReference; lastKnownFileType = sourcecode.swift; path = NotificationManager.swift; sourceTree = "<group>"; };
		7FC07D31250EA2470061C73F /* NotificationManagerTests.swift */ = {isa = PBXFileReference; lastKnownFileType = sourcecode.swift; path = NotificationManagerTests.swift; sourceTree = "<group>"; };
		7FC07D3425113EB00061C73F /* DeterminationViewController.swift */ = {isa = PBXFileReference; lastKnownFileType = sourcecode.swift; path = DeterminationViewController.swift; sourceTree = "<group>"; };
		7FDF0FFF2481A247008C93DB /* ReminderListView.swift */ = {isa = PBXFileReference; lastKnownFileType = sourcecode.swift; path = ReminderListView.swift; sourceTree = "<group>"; };
/* End PBXFileReference section */

/* Begin PBXFrameworksBuildPhase section */
		7F42B6C724452CF900D76434 /* Frameworks */ = {
			isa = PBXFrameworksBuildPhase;
			buildActionMask = 2147483647;
			files = (
			);
			runOnlyForDeploymentPostprocessing = 0;
		};
		7F42B6DD24452CFB00D76434 /* Frameworks */ = {
			isa = PBXFrameworksBuildPhase;
			buildActionMask = 2147483647;
			files = (
			);
			runOnlyForDeploymentPostprocessing = 0;
		};
/* End PBXFrameworksBuildPhase section */

/* Begin PBXGroup section */
		7F42B6C124452CF900D76434 = {
			isa = PBXGroup;
			children = (
				7F42B6CC24452CF900D76434 /* DailyAblutions */,
				7F42B6E324452CFB00D76434 /* DailyAblutionsTests */,
				7F42B6CB24452CF900D76434 /* Products */,
				7F94A870248DA59900DD0E75 /* Frameworks */,
			);
			sourceTree = "<group>";
		};
		7F42B6CB24452CF900D76434 /* Products */ = {
			isa = PBXGroup;
			children = (
				7F42B6CA24452CF900D76434 /* DailyAblutions.app */,
				7F42B6E024452CFB00D76434 /* DailyAblutionsTests.xctest */,
			);
			name = Products;
			sourceTree = "<group>";
		};
		7F42B6CC24452CF900D76434 /* DailyAblutions */ = {
			isa = PBXGroup;
			children = (
				7FC07D3325113B9F0061C73F /* Controllers */,
				7F94A86F248DA59800DD0E75 /* DailyAblutions.entitlements */,
				7F42B6CD24452CF900D76434 /* AppDelegate.swift */,
				7F42B6CF24452CF900D76434 /* SceneDelegate.swift */,
				7F42B6D124452CF900D76434 /* CatchUpView.swift */,
				7FDF0FFF2481A247008C93DB /* ReminderListView.swift */,
				7FDF0FFE2481A1B2008C93DB /* Models */,
				7FDF0FFD2481A134008C93DB /* Supporting Views */,
				7F42B6D324452CFB00D76434 /* Assets.xcassets */,
				7F4F0AEC2481AE5300D1C44B /* Buildtime Resources */,
				7F42B6D824452CFB00D76434 /* LaunchScreen.storyboard */,
				7F42B6DB24452CFB00D76434 /* Info.plist */,
				7F42B6D524452CFB00D76434 /* Preview Content */,
				652AA29E2488402E00088178 /* DailyAblutionsHomeView.swift */,
				7F94A874248E6DB200DD0E75 /* PageViewController.swift */,
				7FBA9E0B2495F12B009F335A /* DailyAblutionsView.swift */,
			);
			path = DailyAblutions;
			sourceTree = "<group>";
		};
		7F42B6D524452CFB00D76434 /* Preview Content */ = {
			isa = PBXGroup;
			children = (
				7F42B6D624452CFB00D76434 /* Preview Assets.xcassets */,
			);
			path = "Preview Content";
			sourceTree = "<group>";
		};
		7F42B6E324452CFB00D76434 /* DailyAblutionsTests */ = {
			isa = PBXGroup;
			children = (
				7F42B6E424452CFB00D76434 /* MantraTests.swift */,
				7F42B6E624452CFB00D76434 /* Info.plist */,
				7F94A86B248C8B8900DD0E75 /* TestUtilities.swift */,
				7F94A86D248D7F0400DD0E75 /* TestDataContainer.da */,
				7FC07D31250EA2470061C73F /* NotificationManagerTests.swift */,
			);
			path = DailyAblutionsTests;
			sourceTree = "<group>";
		};
		7F4F0AEC2481AE5300D1C44B /* Buildtime Resources */ = {
			isa = PBXGroup;
			children = (
				7F4F0AED2481AE7B00D1C44B /* NotificationSampleData.swift */,
			);
			path = "Buildtime Resources";
			sourceTree = "<group>";
		};
		7F94A870248DA59900DD0E75 /* Frameworks */ = {
			isa = PBXGroup;
			children = (
				7F94A871248DA59900DD0E75 /* AudioToolbox.framework */,
			);
			name = Frameworks;
			sourceTree = "<group>";
		};
		7FC07D3325113B9F0061C73F /* Controllers */ = {
			isa = PBXGroup;
			children = (
				7FC07D2F250E9C000061C73F /* NotificationManager.swift */,
				7FC07D3425113EB00061C73F /* DeterminationViewController.swift */,
			);
			path = Controllers;
			sourceTree = "<group>";
		};
		7FDF0FFD2481A134008C93DB /* Supporting Views */ = {
			isa = PBXGroup;
			children = (
			);
			path = "Supporting Views";
			sourceTree = "<group>";
		};
		7FDF0FFE2481A1B2008C93DB /* Models */ = {
			isa = PBXGroup;
			children = (
				7F94A867248B08BF00DD0E75 /* Mantra.swift */,
			);
			path = Models;
			sourceTree = "<group>";
		};
/* End PBXGroup section */

/* Begin PBXNativeTarget section */
		7F42B6C924452CF900D76434 /* DailyAblutions */ = {
			isa = PBXNativeTarget;
			buildConfigurationList = 7F42B72324452CFC00D76434 /* Build configuration list for PBXNativeTarget "DailyAblutions" */;
			buildPhases = (
				7F42B6C624452CF900D76434 /* Sources */,
				7F42B6C724452CF900D76434 /* Frameworks */,
				7F42B6C824452CF900D76434 /* Resources */,
			);
			buildRules = (
			);
			dependencies = (
			);
			name = DailyAblutions;
			productName = DailyAblutions;
			productReference = 7F42B6CA24452CF900D76434 /* DailyAblutions.app */;
			productType = "com.apple.product-type.application";
		};
		7F42B6DF24452CFB00D76434 /* DailyAblutionsTests */ = {
			isa = PBXNativeTarget;
			buildConfigurationList = 7F42B72624452CFC00D76434 /* Build configuration list for PBXNativeTarget "DailyAblutionsTests" */;
			buildPhases = (
				7F42B6DC24452CFB00D76434 /* Sources */,
				7F42B6DD24452CFB00D76434 /* Frameworks */,
				7F42B6DE24452CFB00D76434 /* Resources */,
			);
			buildRules = (
			);
			dependencies = (
				7F42B6E224452CFB00D76434 /* PBXTargetDependency */,
			);
			name = DailyAblutionsTests;
			productName = DailyAblutionsTests;
			productReference = 7F42B6E024452CFB00D76434 /* DailyAblutionsTests.xctest */;
			productType = "com.apple.product-type.bundle.unit-test";
		};
/* End PBXNativeTarget section */

/* Begin PBXProject section */
		7F42B6C224452CF900D76434 /* Project object */ = {
			isa = PBXProject;
			attributes = {
				LastSwiftUpdateCheck = 1140;
				LastUpgradeCheck = 1200;
				ORGANIZATIONNAME = "Noble Software";
				TargetAttributes = {
					7F42B6C924452CF900D76434 = {
						CreatedOnToolsVersion = 11.4;
					};
					7F42B6DF24452CFB00D76434 = {
						CreatedOnToolsVersion = 11.4;
						TestTargetID = 7F42B6C924452CF900D76434;
					};
				};
			};
			buildConfigurationList = 7F42B6C524452CF900D76434 /* Build configuration list for PBXProject "DailyAblutions" */;
			compatibilityVersion = "Xcode 9.3";
			developmentRegion = en;
			hasScannedForEncodings = 0;
			knownRegions = (
				en,
				Base,
			);
			mainGroup = 7F42B6C124452CF900D76434;
			productRefGroup = 7F42B6CB24452CF900D76434 /* Products */;
			projectDirPath = "";
			projectRoot = "";
			targets = (
				7F42B6C924452CF900D76434 /* DailyAblutions */,
				7F42B6DF24452CFB00D76434 /* DailyAblutionsTests */,
			);
		};
/* End PBXProject section */

/* Begin PBXResourcesBuildPhase section */
		7F42B6C824452CF900D76434 /* Resources */ = {
			isa = PBXResourcesBuildPhase;
			buildActionMask = 2147483647;
			files = (
				7F42B6DA24452CFB00D76434 /* LaunchScreen.storyboard in Resources */,
				7F42B6D724452CFB00D76434 /* Preview Assets.xcassets in Resources */,
				7F42B6D424452CFB00D76434 /* Assets.xcassets in Resources */,
			);
			runOnlyForDeploymentPostprocessing = 0;
		};
		7F42B6DE24452CFB00D76434 /* Resources */ = {
			isa = PBXResourcesBuildPhase;
			buildActionMask = 2147483647;
			files = (
				7F94A86E248D7F0400DD0E75 /* TestDataContainer.da in Resources */,
			);
			runOnlyForDeploymentPostprocessing = 0;
		};
/* End PBXResourcesBuildPhase section */

/* Begin PBXSourcesBuildPhase section */
		7F42B6C624452CF900D76434 /* Sources */ = {
			isa = PBXSourcesBuildPhase;
			buildActionMask = 2147483647;
			files = (
				7FC07D3525113EB00061C73F /* DeterminationViewController.swift in Sources */,
				7F4F0AEE2481AE7B00D1C44B /* NotificationSampleData.swift in Sources */,
				7F42B6CE24452CF900D76434 /* AppDelegate.swift in Sources */,
				7FC07D30250E9C010061C73F /* NotificationManager.swift in Sources */,
				7F94A868248B08BF00DD0E75 /* Mantra.swift in Sources */,
				7FDF10002481A247008C93DB /* ReminderListView.swift in Sources */,
				652AA29F2488402E00088178 /* DailyAblutionsHomeView.swift in Sources */,
				7FBA9E0C2495F12B009F335A /* DailyAblutionsView.swift in Sources */,
				7F42B6D024452CF900D76434 /* SceneDelegate.swift in Sources */,
				7F42B6D224452CF900D76434 /* CatchUpView.swift in Sources */,
				7F94A875248E6DB200DD0E75 /* PageViewController.swift in Sources */,
			);
			runOnlyForDeploymentPostprocessing = 0;
		};
		7F42B6DC24452CFB00D76434 /* Sources */ = {
			isa = PBXSourcesBuildPhase;
			buildActionMask = 2147483647;
			files = (
				7F94A86C248C8B8900DD0E75 /* TestUtilities.swift in Sources */,
				7F42B6E524452CFB00D76434 /* MantraTests.swift in Sources */,
				7FC07D32250EA2470061C73F /* NotificationManagerTests.swift in Sources */,
			);
			runOnlyForDeploymentPostprocessing = 0;
		};
/* End PBXSourcesBuildPhase section */

/* Begin PBXTargetDependency section */
		7F42B6E224452CFB00D76434 /* PBXTargetDependency */ = {
			isa = PBXTargetDependency;
			target = 7F42B6C924452CF900D76434 /* DailyAblutions */;
			targetProxy = 7F42B6E124452CFB00D76434 /* PBXContainerItemProxy */;
		};
/* End PBXTargetDependency section */

/* Begin PBXVariantGroup section */
		7F42B6D824452CFB00D76434 /* LaunchScreen.storyboard */ = {
			isa = PBXVariantGroup;
			children = (
				7F42B6D924452CFB00D76434 /* Base */,
			);
			name = LaunchScreen.storyboard;
			sourceTree = "<group>";
		};
/* End PBXVariantGroup section */

/* Begin XCBuildConfiguration section */
		7F42B71924452CFC00D76434 /* Debug */ = {
			isa = XCBuildConfiguration;
			buildSettings = {
				ALWAYS_SEARCH_USER_PATHS = NO;
				CLANG_ANALYZER_NONNULL = YES;
				CLANG_ANALYZER_NUMBER_OBJECT_CONVERSION = YES_AGGRESSIVE;
				CLANG_CXX_LANGUAGE_STANDARD = "gnu++14";
				CLANG_CXX_LIBRARY = "libc++";
				CLANG_ENABLE_MODULES = YES;
				CLANG_ENABLE_OBJC_ARC = YES;
				CLANG_ENABLE_OBJC_WEAK = YES;
				CLANG_WARN_BLOCK_CAPTURE_AUTORELEASING = YES;
				CLANG_WARN_BOOL_CONVERSION = YES;
				CLANG_WARN_COMMA = YES;
				CLANG_WARN_CONSTANT_CONVERSION = YES;
				CLANG_WARN_DEPRECATED_OBJC_IMPLEMENTATIONS = YES;
				CLANG_WARN_DIRECT_OBJC_ISA_USAGE = YES_ERROR;
				CLANG_WARN_DOCUMENTATION_COMMENTS = YES;
				CLANG_WARN_EMPTY_BODY = YES;
				CLANG_WARN_ENUM_CONVERSION = YES;
				CLANG_WARN_INFINITE_RECURSION = YES;
				CLANG_WARN_INT_CONVERSION = YES;
				CLANG_WARN_NON_LITERAL_NULL_CONVERSION = YES;
				CLANG_WARN_OBJC_IMPLICIT_RETAIN_SELF = YES;
				CLANG_WARN_OBJC_LITERAL_CONVERSION = YES;
				CLANG_WARN_OBJC_ROOT_CLASS = YES_ERROR;
				CLANG_WARN_QUOTED_INCLUDE_IN_FRAMEWORK_HEADER = YES;
				CLANG_WARN_RANGE_LOOP_ANALYSIS = YES;
				CLANG_WARN_STRICT_PROTOTYPES = YES;
				CLANG_WARN_SUSPICIOUS_MOVE = YES;
				CLANG_WARN_UNGUARDED_AVAILABILITY = YES_AGGRESSIVE;
				CLANG_WARN_UNREACHABLE_CODE = YES;
				CLANG_WARN__DUPLICATE_METHOD_MATCH = YES;
				COPY_PHASE_STRIP = NO;
				DEBUG_INFORMATION_FORMAT = dwarf;
				ENABLE_STRICT_OBJC_MSGSEND = YES;
				ENABLE_TESTABILITY = YES;
				GCC_C_LANGUAGE_STANDARD = gnu11;
				GCC_DYNAMIC_NO_PIC = NO;
				GCC_NO_COMMON_BLOCKS = YES;
				GCC_OPTIMIZATION_LEVEL = 0;
				GCC_PREPROCESSOR_DEFINITIONS = (
					"DEBUG=1",
					"$(inherited)",
				);
				GCC_WARN_64_TO_32_BIT_CONVERSION = YES;
				GCC_WARN_ABOUT_RETURN_TYPE = YES_ERROR;
				GCC_WARN_UNDECLARED_SELECTOR = YES;
				GCC_WARN_UNINITIALIZED_AUTOS = YES_AGGRESSIVE;
				GCC_WARN_UNUSED_FUNCTION = YES;
				GCC_WARN_UNUSED_VARIABLE = YES;
				IPHONEOS_DEPLOYMENT_TARGET = 13.4;
				MTL_ENABLE_DEBUG_INFO = INCLUDE_SOURCE;
				MTL_FAST_MATH = YES;
				ONLY_ACTIVE_ARCH = YES;
				SDKROOT = iphoneos;
				SWIFT_ACTIVE_COMPILATION_CONDITIONS = DEBUG;
				SWIFT_OPTIMIZATION_LEVEL = "-Onone";
			};
			name = Debug;
		};
		7F42B71A24452CFC00D76434 /* Release */ = {
			isa = XCBuildConfiguration;
			buildSettings = {
				ALWAYS_SEARCH_USER_PATHS = NO;
				CLANG_ANALYZER_NONNULL = YES;
				CLANG_ANALYZER_NUMBER_OBJECT_CONVERSION = YES_AGGRESSIVE;
				CLANG_CXX_LANGUAGE_STANDARD = "gnu++14";
				CLANG_CXX_LIBRARY = "libc++";
				CLANG_ENABLE_MODULES = YES;
				CLANG_ENABLE_OBJC_ARC = YES;
				CLANG_ENABLE_OBJC_WEAK = YES;
				CLANG_WARN_BLOCK_CAPTURE_AUTORELEASING = YES;
				CLANG_WARN_BOOL_CONVERSION = YES;
				CLANG_WARN_COMMA = YES;
				CLANG_WARN_CONSTANT_CONVERSION = YES;
				CLANG_WARN_DEPRECATED_OBJC_IMPLEMENTATIONS = YES;
				CLANG_WARN_DIRECT_OBJC_ISA_USAGE = YES_ERROR;
				CLANG_WARN_DOCUMENTATION_COMMENTS = YES;
				CLANG_WARN_EMPTY_BODY = YES;
				CLANG_WARN_ENUM_CONVERSION = YES;
				CLANG_WARN_INFINITE_RECURSION = YES;
				CLANG_WARN_INT_CONVERSION = YES;
				CLANG_WARN_NON_LITERAL_NULL_CONVERSION = YES;
				CLANG_WARN_OBJC_IMPLICIT_RETAIN_SELF = YES;
				CLANG_WARN_OBJC_LITERAL_CONVERSION = YES;
				CLANG_WARN_OBJC_ROOT_CLASS = YES_ERROR;
				CLANG_WARN_QUOTED_INCLUDE_IN_FRAMEWORK_HEADER = YES;
				CLANG_WARN_RANGE_LOOP_ANALYSIS = YES;
				CLANG_WARN_STRICT_PROTOTYPES = YES;
				CLANG_WARN_SUSPICIOUS_MOVE = YES;
				CLANG_WARN_UNGUARDED_AVAILABILITY = YES_AGGRESSIVE;
				CLANG_WARN_UNREACHABLE_CODE = YES;
				CLANG_WARN__DUPLICATE_METHOD_MATCH = YES;
				COPY_PHASE_STRIP = NO;
				DEBUG_INFORMATION_FORMAT = "dwarf-with-dsym";
				ENABLE_NS_ASSERTIONS = NO;
				ENABLE_STRICT_OBJC_MSGSEND = YES;
				GCC_C_LANGUAGE_STANDARD = gnu11;
				GCC_NO_COMMON_BLOCKS = YES;
				GCC_WARN_64_TO_32_BIT_CONVERSION = YES;
				GCC_WARN_ABOUT_RETURN_TYPE = YES_ERROR;
				GCC_WARN_UNDECLARED_SELECTOR = YES;
				GCC_WARN_UNINITIALIZED_AUTOS = YES_AGGRESSIVE;
				GCC_WARN_UNUSED_FUNCTION = YES;
				GCC_WARN_UNUSED_VARIABLE = YES;
				IPHONEOS_DEPLOYMENT_TARGET = 13.4;
				MTL_ENABLE_DEBUG_INFO = NO;
				MTL_FAST_MATH = YES;
				SDKROOT = iphoneos;
				SWIFT_COMPILATION_MODE = wholemodule;
				SWIFT_OPTIMIZATION_LEVEL = "-O";
				VALIDATE_PRODUCT = YES;
			};
			name = Release;
		};
		7F42B72424452CFC00D76434 /* Debug */ = {
			isa = XCBuildConfiguration;
			buildSettings = {
				ASSETCATALOG_COMPILER_APPICON_NAME = AppIcon;
				CODE_SIGN_ENTITLEMENTS = DailyAblutions/DailyAblutions.entitlements;
				CODE_SIGN_IDENTITY = "Apple Development";
				CODE_SIGN_STYLE = Automatic;
				DEVELOPMENT_ASSET_PATHS = "\"DailyAblutions/Preview Content\"";
				DEVELOPMENT_TEAM = RTF4LR9V8U;
				ENABLE_PREVIEWS = YES;
				INFOPLIST_FILE = DailyAblutions/Info.plist;
				LD_RUNPATH_SEARCH_PATHS = (
					"$(inherited)",
					"@executable_path/Frameworks",
				);
				PRODUCT_BUNDLE_IDENTIFIER = noblesoftware.DailyAblutions;
				PRODUCT_NAME = "$(TARGET_NAME)";
				PROVISIONING_PROFILE_SPECIFIER = "";
				SWIFT_VERSION = 5.0;
				TARGETED_DEVICE_FAMILY = "1,2";
			};
			name = Debug;
		};
		7F42B72524452CFC00D76434 /* Release */ = {
			isa = XCBuildConfiguration;
			buildSettings = {
				ASSETCATALOG_COMPILER_APPICON_NAME = AppIcon;
				CODE_SIGN_ENTITLEMENTS = DailyAblutions/DailyAblutions.entitlements;
				CODE_SIGN_STYLE = Automatic;
				DEVELOPMENT_ASSET_PATHS = "\"DailyAblutions/Preview Content\"";
				DEVELOPMENT_TEAM = RTF4LR9V8U;
				ENABLE_PREVIEWS = YES;
				INFOPLIST_FILE = DailyAblutions/Info.plist;
				LD_RUNPATH_SEARCH_PATHS = (
					"$(inherited)",
					"@executable_path/Frameworks",
				);
				PRODUCT_BUNDLE_IDENTIFIER = noblesoftware.DailyAblutions;
				PRODUCT_NAME = "$(TARGET_NAME)";
				SWIFT_VERSION = 5.0;
				TARGETED_DEVICE_FAMILY = "1,2";
			};
			name = Release;
		};
		7F42B72724452CFC00D76434 /* Debug */ = {
			isa = XCBuildConfiguration;
			buildSettings = {
				ALWAYS_EMBED_SWIFT_STANDARD_LIBRARIES = YES;
				BUNDLE_LOADER = "$(TEST_HOST)";
				CODE_SIGN_STYLE = Automatic;
				DEVELOPMENT_TEAM = RTF4LR9V8U;
				INFOPLIST_FILE = DailyAblutionsTests/Info.plist;
				IPHONEOS_DEPLOYMENT_TARGET = 13.4;
				LD_RUNPATH_SEARCH_PATHS = (
					"$(inherited)",
					"@executable_path/Frameworks",
					"@loader_path/Frameworks",
				);
				PRODUCT_BUNDLE_IDENTIFIER = noblesoftware.DailyAblutionsTests;
				PRODUCT_NAME = "$(TARGET_NAME)";
				SWIFT_VERSION = 5.0;
				TARGETED_DEVICE_FAMILY = "1,2";
				TEST_HOST = "$(BUILT_PRODUCTS_DIR)/DailyAblutions.app/DailyAblutions";
			};
			name = Debug;
		};
		7F42B72824452CFC00D76434 /* Release */ = {
			isa = XCBuildConfiguration;
			buildSettings = {
				ALWAYS_EMBED_SWIFT_STANDARD_LIBRARIES = YES;
				BUNDLE_LOADER = "$(TEST_HOST)";
				CODE_SIGN_STYLE = Automatic;
				DEVELOPMENT_TEAM = RTF4LR9V8U;
				INFOPLIST_FILE = DailyAblutionsTests/Info.plist;
				IPHONEOS_DEPLOYMENT_TARGET = 13.4;
				LD_RUNPATH_SEARCH_PATHS = (
					"$(inherited)",
					"@executable_path/Frameworks",
					"@loader_path/Frameworks",
				);
				PRODUCT_BUNDLE_IDENTIFIER = noblesoftware.DailyAblutionsTests;
				PRODUCT_NAME = "$(TARGET_NAME)";
				SWIFT_VERSION = 5.0;
				TARGETED_DEVICE_FAMILY = "1,2";
				TEST_HOST = "$(BUILT_PRODUCTS_DIR)/DailyAblutions.app/DailyAblutions";
			};
			name = Release;
		};
/* End XCBuildConfiguration section */

/* Begin XCConfigurationList section */
		7F42B6C524452CF900D76434 /* Build configuration list for PBXProject "DailyAblutions" */ = {
			isa = XCConfigurationList;
			buildConfigurations = (
				7F42B71924452CFC00D76434 /* Debug */,
				7F42B71A24452CFC00D76434 /* Release */,
			);
			defaultConfigurationIsVisible = 0;
			defaultConfigurationName = Release;
		};
		7F42B72324452CFC00D76434 /* Build configuration list for PBXNativeTarget "DailyAblutions" */ = {
			isa = XCConfigurationList;
			buildConfigurations = (
				7F42B72424452CFC00D76434 /* Debug */,
				7F42B72524452CFC00D76434 /* Release */,
			);
			defaultConfigurationIsVisible = 0;
			defaultConfigurationName = Release;
		};
		7F42B72624452CFC00D76434 /* Build configuration list for PBXNativeTarget "DailyAblutionsTests" */ = {
			isa = XCConfigurationList;
			buildConfigurations = (
				7F42B72724452CFC00D76434 /* Debug */,
				7F42B72824452CFC00D76434 /* Release */,
			);
			defaultConfigurationIsVisible = 0;
			defaultConfigurationName = Release;
		};
/* End XCConfigurationList section */
	};
	rootObject = 7F42B6C224452CF900D76434 /* Project object */;
}
